
Microsoft Visual Studio Solution File, Format Version 12.00
# Visual Studio Version 16
VisualStudioVersion = 16.0.32510.428
MinimumVisualStudioVersion = 10.0.40219.1
Project("{888888A0-9F3D-457C-B088-3A5042F75D52}") = "scopetools", "scopetools.pyproj", "{6B2A341C-ED71-4DFB-B8DE-12F360C3DDDA}"
EndProject
Global
	GlobalSection(SolutionConfigurationPlatforms) = preSolution
		Debug|Any CPU = Debug|Any CPU
		Release|Any CPU = Release|Any CPU
	EndGlobalSection
	GlobalSection(ProjectConfigurationPlatforms) = postSolution
		{6B2A341C-ED71-4DFB-B8DE-12F360C3DDDA}.Debug|Any CPU.ActiveCfg = Debug|Any CPU
		{6B2A341C-ED71-4DFB-B8DE-12F360C3DDDA}.Release|Any CPU.ActiveCfg = Release|Any CPU
	EndGlobalSection
	GlobalSection(SolutionProperties) = preSolution
		HideSolutionNode = FALSE
	EndGlobalSection
	GlobalSection(ExtensibilityGlobals) = postSolution
		SolutionGuid = {0946C0C0-63C4-4BB4-A6E1-EE5A04C37123}
	EndGlobalSection
EndGlobal
